// !$*UTF8*$!
{
	archiveVersion = 1;
	classes = {
	};
	objectVersion = 55;
	objects = {

/* Begin PBXBuildFile section */
		1495EA4449B28A8F17638BA5 /* libPods-WeatherApp.a in Frameworks */ = {isa = PBXBuildFile; fileRef = 5A2D2C6931EBA8F9264F5212 /* libPods-WeatherApp.a */; };
		48A95CF27E0392C6F0BCD7E2 /* libPods-WeatherAppTests.a in Frameworks */ = {isa = PBXBuildFile; fileRef = EA985CE8667F1AEC3D411B06 /* libPods-WeatherAppTests.a */; };
		EE587E472867F64B0078A771 /* DetailOfWeatherVC.swift in Sources */ = {isa = PBXBuildFile; fileRef = EE587E462867F64B0078A771 /* DetailOfWeatherVC.swift */; };
		EE587E492867F66D0078A771 /* DetailOfWeatherVM.swift in Sources */ = {isa = PBXBuildFile; fileRef = EE587E482867F66D0078A771 /* DetailOfWeatherVM.swift */; };
		EE7FB06A285F0B7000A22849 /* AppDelegate.swift in Sources */ = {isa = PBXBuildFile; fileRef = EE7FB069285F0B7000A22849 /* AppDelegate.swift */; };
		EE7FB06C285F0B7000A22849 /* SceneDelegate.swift in Sources */ = {isa = PBXBuildFile; fileRef = EE7FB06B285F0B7000A22849 /* SceneDelegate.swift */; };
		EE7FB071285F0B7000A22849 /* Main.storyboard in Resources */ = {isa = PBXBuildFile; fileRef = EE7FB06F285F0B7000A22849 /* Main.storyboard */; };
		EE7FB073285F0B7200A22849 /* Assets.xcassets in Resources */ = {isa = PBXBuildFile; fileRef = EE7FB072285F0B7200A22849 /* Assets.xcassets */; };
		EE7FB076285F0B7200A22849 /* LaunchScreen.storyboard in Resources */ = {isa = PBXBuildFile; fileRef = EE7FB074285F0B7200A22849 /* LaunchScreen.storyboard */; };
		EE7FB081285F0B7200A22849 /* WeatherAppTests.swift in Sources */ = {isa = PBXBuildFile; fileRef = EE7FB080285F0B7200A22849 /* WeatherAppTests.swift */; };
		EE7FB08B285F0B7200A22849 /* WeatherAppUITests.swift in Sources */ = {isa = PBXBuildFile; fileRef = EE7FB08A285F0B7200A22849 /* WeatherAppUITests.swift */; };
		EE7FB08D285F0B7200A22849 /* WeatherAppUITestsLaunchTests.swift in Sources */ = {isa = PBXBuildFile; fileRef = EE7FB08C285F0B7200A22849 /* WeatherAppUITestsLaunchTests.swift */; };
		EE7FB0BC285F30D300A22849 /* ExtensionViews.swift in Sources */ = {isa = PBXBuildFile; fileRef = EE7FB0B9285F30D300A22849 /* ExtensionViews.swift */; };
		EE7FB0BD285F30D300A22849 /* APIManager.swift in Sources */ = {isa = PBXBuildFile; fileRef = EE7FB0BA285F30D300A22849 /* APIManager.swift */; };
		EE7FB0C6285F3B9700A22849 /* ListOfWeatherVC.swift in Sources */ = {isa = PBXBuildFile; fileRef = EE7FB0C5285F3B9700A22849 /* ListOfWeatherVC.swift */; };
		EE7FB0C8285F3BB500A22849 /* WeatherList.swift in Sources */ = {isa = PBXBuildFile; fileRef = EE7FB0C7285F3BB500A22849 /* WeatherList.swift */; };
		EE7FB0CA285F3D7D00A22849 /* WeatherListVM.swift in Sources */ = {isa = PBXBuildFile; fileRef = EE7FB0C9285F3D7D00A22849 /* WeatherListVM.swift */; };
		EE7FB0CF285F3F0900A22849 /* CellForWeatherList.swift in Sources */ = {isa = PBXBuildFile; fileRef = EE7FB0CD285F3F0800A22849 /* CellForWeatherList.swift */; };
/* End PBXBuildFile section */

/* Begin PBXContainerItemProxy section */
		EE7FB07D285F0B7200A22849 /* PBXContainerItemProxy */ = {
			isa = PBXContainerItemProxy;
			containerPortal = EE7FB05E285F0B7000A22849 /* Project object */;
			proxyType = 1;
			remoteGlobalIDString = EE7FB065285F0B7000A22849;
			remoteInfo = WeatherApp;
		};
		EE7FB087285F0B7200A22849 /* PBXContainerItemProxy */ = {
			isa = PBXContainerItemProxy;
			containerPortal = EE7FB05E285F0B7000A22849 /* Project object */;
			proxyType = 1;
			remoteGlobalIDString = EE7FB065285F0B7000A22849;
			remoteInfo = WeatherApp;
		};
/* End PBXContainerItemProxy section */

/* Begin PBXFileReference section */
		3814E7573381BD3BED920AC6 /* Pods-WeatherAppTests.debug.xcconfig */ = {isa = PBXFileReference; includeInIndex = 1; lastKnownFileType = text.xcconfig; name = "Pods-WeatherAppTests.debug.xcconfig"; path = "Target Support Files/Pods-WeatherAppTests/Pods-WeatherAppTests.debug.xcconfig"; sourceTree = "<group>"; };
		5A2D2C6931EBA8F9264F5212 /* libPods-WeatherApp.a */ = {isa = PBXFileReference; explicitFileType = archive.ar; includeInIndex = 0; path = "libPods-WeatherApp.a"; sourceTree = BUILT_PRODUCTS_DIR; };
		7491FD09410C4A215365347F /* Pods-WeatherApp.debug.xcconfig */ = {isa = PBXFileReference; includeInIndex = 1; lastKnownFileType = text.xcconfig; name = "Pods-WeatherApp.debug.xcconfig"; path = "Target Support Files/Pods-WeatherApp/Pods-WeatherApp.debug.xcconfig"; sourceTree = "<group>"; };
		88D349AF6BC7F86B8E4384CC /* Pods-WeatherAppTests.release.xcconfig */ = {isa = PBXFileReference; includeInIndex = 1; lastKnownFileType = text.xcconfig; name = "Pods-WeatherAppTests.release.xcconfig"; path = "Target Support Files/Pods-WeatherAppTests/Pods-WeatherAppTests.release.xcconfig"; sourceTree = "<group>"; };
		DF342D123A1FD6817DA03C88 /* Pods-WeatherApp.release.xcconfig */ = {isa = PBXFileReference; includeInIndex = 1; lastKnownFileType = text.xcconfig; name = "Pods-WeatherApp.release.xcconfig"; path = "Target Support Files/Pods-WeatherApp/Pods-WeatherApp.release.xcconfig"; sourceTree = "<group>"; };
		EA985CE8667F1AEC3D411B06 /* libPods-WeatherAppTests.a */ = {isa = PBXFileReference; explicitFileType = archive.ar; includeInIndex = 0; path = "libPods-WeatherAppTests.a"; sourceTree = BUILT_PRODUCTS_DIR; };
		EE587E462867F64B0078A771 /* DetailOfWeatherVC.swift */ = {isa = PBXFileReference; lastKnownFileType = sourcecode.swift; path = DetailOfWeatherVC.swift; sourceTree = "<group>"; };
		EE587E482867F66D0078A771 /* DetailOfWeatherVM.swift */ = {isa = PBXFileReference; lastKnownFileType = sourcecode.swift; path = DetailOfWeatherVM.swift; sourceTree = "<group>"; };
		EE7FB066285F0B7000A22849 /* WeatherApp.app */ = {isa = PBXFileReference; explicitFileType = wrapper.application; includeInIndex = 0; path = WeatherApp.app; sourceTree = BUILT_PRODUCTS_DIR; };
		EE7FB069285F0B7000A22849 /* AppDelegate.swift */ = {isa = PBXFileReference; lastKnownFileType = sourcecode.swift; path = AppDelegate.swift; sourceTree = "<group>"; };
		EE7FB06B285F0B7000A22849 /* SceneDelegate.swift */ = {isa = PBXFileReference; lastKnownFileType = sourcecode.swift; path = SceneDelegate.swift; sourceTree = "<group>"; };
		EE7FB070285F0B7000A22849 /* Base */ = {isa = PBXFileReference; lastKnownFileType = file.storyboard; name = Base; path = Base.lproj/Main.storyboard; sourceTree = "<group>"; };
		EE7FB072285F0B7200A22849 /* Assets.xcassets */ = {isa = PBXFileReference; lastKnownFileType = folder.assetcatalog; path = Assets.xcassets; sourceTree = "<group>"; };
		EE7FB075285F0B7200A22849 /* Base */ = {isa = PBXFileReference; lastKnownFileType = file.storyboard; name = Base; path = Base.lproj/LaunchScreen.storyboard; sourceTree = "<group>"; };
		EE7FB077285F0B7200A22849 /* Info.plist */ = {isa = PBXFileReference; lastKnownFileType = text.plist.xml; path = Info.plist; sourceTree = "<group>"; };
		EE7FB07C285F0B7200A22849 /* WeatherAppTests.xctest */ = {isa = PBXFileReference; explicitFileType = wrapper.cfbundle; includeInIndex = 0; path = WeatherAppTests.xctest; sourceTree = BUILT_PRODUCTS_DIR; };
		EE7FB080285F0B7200A22849 /* WeatherAppTests.swift */ = {isa = PBXFileReference; lastKnownFileType = sourcecode.swift; path = WeatherAppTests.swift; sourceTree = "<group>"; };
		EE7FB086285F0B7200A22849 /* WeatherAppUITests.xctest */ = {isa = PBXFileReference; explicitFileType = wrapper.cfbundle; includeInIndex = 0; path = WeatherAppUITests.xctest; sourceTree = BUILT_PRODUCTS_DIR; };
		EE7FB08A285F0B7200A22849 /* WeatherAppUITests.swift */ = {isa = PBXFileReference; lastKnownFileType = sourcecode.swift; path = WeatherAppUITests.swift; sourceTree = "<group>"; };
		EE7FB08C285F0B7200A22849 /* WeatherAppUITestsLaunchTests.swift */ = {isa = PBXFileReference; lastKnownFileType = sourcecode.swift; path = WeatherAppUITestsLaunchTests.swift; sourceTree = "<group>"; };
		EE7FB0B9285F30D300A22849 /* ExtensionViews.swift */ = {isa = PBXFileReference; fileEncoding = 4; lastKnownFileType = sourcecode.swift; path = ExtensionViews.swift; sourceTree = "<group>"; };
		EE7FB0BA285F30D300A22849 /* APIManager.swift */ = {isa = PBXFileReference; fileEncoding = 4; lastKnownFileType = sourcecode.swift; path = APIManager.swift; sourceTree = "<group>"; };
		EE7FB0C5285F3B9700A22849 /* ListOfWeatherVC.swift */ = {isa = PBXFileReference; lastKnownFileType = sourcecode.swift; path = ListOfWeatherVC.swift; sourceTree = "<group>"; };
		EE7FB0C7285F3BB500A22849 /* WeatherList.swift */ = {isa = PBXFileReference; lastKnownFileType = sourcecode.swift; path = WeatherList.swift; sourceTree = "<group>"; };
		EE7FB0C9285F3D7D00A22849 /* WeatherListVM.swift */ = {isa = PBXFileReference; lastKnownFileType = sourcecode.swift; path = WeatherListVM.swift; sourceTree = "<group>"; };
		EE7FB0CD285F3F0800A22849 /* CellForWeatherList.swift */ = {isa = PBXFileReference; fileEncoding = 4; lastKnownFileType = sourcecode.swift; path = CellForWeatherList.swift; sourceTree = "<group>"; };
/* End PBXFileReference section */

/* Begin PBXFrameworksBuildPhase section */
		EE7FB063285F0B7000A22849 /* Frameworks */ = {
			isa = PBXFrameworksBuildPhase;
			buildActionMask = 2147483647;
			files = (
				1495EA4449B28A8F17638BA5 /* libPods-WeatherApp.a in Frameworks */,
			);
			runOnlyForDeploymentPostprocessing = 0;
		};
		EE7FB079285F0B7200A22849 /* Frameworks */ = {
			isa = PBXFrameworksBuildPhase;
			buildActionMask = 2147483647;
			files = (
				48A95CF27E0392C6F0BCD7E2 /* libPods-WeatherAppTests.a in Frameworks */,
			);
			runOnlyForDeploymentPostprocessing = 0;
		};
		EE7FB083285F0B7200A22849 /* Frameworks */ = {
			isa = PBXFrameworksBuildPhase;
			buildActionMask = 2147483647;
			files = (
			);
			runOnlyForDeploymentPostprocessing = 0;
		};
/* End PBXFrameworksBuildPhase section */

/* Begin PBXGroup section */
		A7DD1CB30553884D6974CE06 /* Pods */ = {
			isa = PBXGroup;
			children = (
				7491FD09410C4A215365347F /* Pods-WeatherApp.debug.xcconfig */,
				DF342D123A1FD6817DA03C88 /* Pods-WeatherApp.release.xcconfig */,
				3814E7573381BD3BED920AC6 /* Pods-WeatherAppTests.debug.xcconfig */,
				88D349AF6BC7F86B8E4384CC /* Pods-WeatherAppTests.release.xcconfig */,
			);
			path = Pods;
			sourceTree = "<group>";
		};
		CB1B7FD849F5C3878BACC596 /* Frameworks */ = {
			isa = PBXGroup;
			children = (
				5A2D2C6931EBA8F9264F5212 /* libPods-WeatherApp.a */,
				EA985CE8667F1AEC3D411B06 /* libPods-WeatherAppTests.a */,
			);
			name = Frameworks;
			sourceTree = "<group>";
		};
		EE587E3F2866F6BE0078A771 /* CellForWeatherList */ = {
			isa = PBXGroup;
			children = (
				EE7FB0CD285F3F0800A22849 /* CellForWeatherList.swift */,
			);
			path = CellForWeatherList;
			sourceTree = "<group>";
		};
		EE587E422867F5F50078A771 /* DetailOfWeather */ = {
			isa = PBXGroup;
			children = (
				EE587E452867F6250078A771 /* View */,
				EE587E432867F6150078A771 /* ViewModel */,
			);
			path = DetailOfWeather;
			sourceTree = "<group>";
		};
		EE587E432867F6150078A771 /* ViewModel */ = {
			isa = PBXGroup;
			children = (
				EE587E482867F66D0078A771 /* DetailOfWeatherVM.swift */,
			);
			path = ViewModel;
			sourceTree = "<group>";
		};
		EE587E452867F6250078A771 /* View */ = {
			isa = PBXGroup;
			children = (
				EE587E462867F64B0078A771 /* DetailOfWeatherVC.swift */,
			);
			path = View;
			sourceTree = "<group>";
		};
		EE7FB05D285F0B7000A22849 = {
			isa = PBXGroup;
			children = (
				EE7FB068285F0B7000A22849 /* WeatherApp */,
				EE7FB07F285F0B7200A22849 /* WeatherAppTests */,
				EE7FB089285F0B7200A22849 /* WeatherAppUITests */,
				EE7FB067285F0B7000A22849 /* Products */,
				A7DD1CB30553884D6974CE06 /* Pods */,
				CB1B7FD849F5C3878BACC596 /* Frameworks */,
			);
			sourceTree = "<group>";
		};
		EE7FB067285F0B7000A22849 /* Products */ = {
			isa = PBXGroup;
			children = (
				EE7FB066285F0B7000A22849 /* WeatherApp.app */,
				EE7FB07C285F0B7200A22849 /* WeatherAppTests.xctest */,
				EE7FB086285F0B7200A22849 /* WeatherAppUITests.xctest */,
			);
			name = Products;
			sourceTree = "<group>";
		};
		EE7FB068285F0B7000A22849 /* WeatherApp */ = {
			isa = PBXGroup;
			children = (
				EE7FB0BF285F387A00A22849 /* Screens */,
				EE7FB09B285F2CA800A22849 /* Resources */,
				EE7FB09C285F2CFE00A22849 /* Helper */,
				EE7FB09A285F2C6F00A22849 /* SupportingFiles */,
			);
			path = WeatherApp;
			sourceTree = "<group>";
		};
		EE7FB07F285F0B7200A22849 /* WeatherAppTests */ = {
			isa = PBXGroup;
			children = (
				EE7FB080285F0B7200A22849 /* WeatherAppTests.swift */,
			);
			path = WeatherAppTests;
			sourceTree = "<group>";
		};
		EE7FB089285F0B7200A22849 /* WeatherAppUITests */ = {
			isa = PBXGroup;
			children = (
				EE7FB08A285F0B7200A22849 /* WeatherAppUITests.swift */,
				EE7FB08C285F0B7200A22849 /* WeatherAppUITestsLaunchTests.swift */,
			);
			path = WeatherAppUITests;
			sourceTree = "<group>";
		};
		EE7FB09A285F2C6F00A22849 /* SupportingFiles */ = {
			isa = PBXGroup;
			children = (
				EE7FB069285F0B7000A22849 /* AppDelegate.swift */,
				EE7FB06B285F0B7000A22849 /* SceneDelegate.swift */,
			);
			path = SupportingFiles;
			sourceTree = "<group>";
		};
		EE7FB09B285F2CA800A22849 /* Resources */ = {
			isa = PBXGroup;
			children = (
				EE7FB06F285F0B7000A22849 /* Main.storyboard */,
				EE7FB072285F0B7200A22849 /* Assets.xcassets */,
				EE7FB074285F0B7200A22849 /* LaunchScreen.storyboard */,
				EE7FB077285F0B7200A22849 /* Info.plist */,
			);
			name = Resources;
			sourceTree = "<group>";
		};
		EE7FB09C285F2CFE00A22849 /* Helper */ = {
			isa = PBXGroup;
			children = (
				EE7FB0B8285F30D300A22849 /* Extensions */,
				EE7FB0B6285F30D300A22849 /* ReusableComponents */,
			);
			path = Helper;
			sourceTree = "<group>";
		};
		EE7FB0B6285F30D300A22849 /* ReusableComponents */ = {
			isa = PBXGroup;
			children = (
				EE7FB0BE285F33BD00A22849 /* Network */,
			);
			path = ReusableComponents;
			sourceTree = "<group>";
		};
		EE7FB0B8285F30D300A22849 /* Extensions */ = {
			isa = PBXGroup;
			children = (
				EE7FB0B9285F30D300A22849 /* ExtensionViews.swift */,
			);
			path = Extensions;
			sourceTree = "<group>";
		};
		EE7FB0BE285F33BD00A22849 /* Network */ = {
			isa = PBXGroup;
			children = (
				EE7FB0BA285F30D300A22849 /* APIManager.swift */,
			);
			path = Network;
			sourceTree = "<group>";
		};
		EE7FB0BF285F387A00A22849 /* Screens */ = {
			isa = PBXGroup;
			children = (
				EE587E422867F5F50078A771 /* DetailOfWeather */,
				EE7FB0C1285F38A200A22849 /* ListOfWeather */,
			);
			path = Screens;
			sourceTree = "<group>";
		};
		EE7FB0C1285F38A200A22849 /* ListOfWeather */ = {
			isa = PBXGroup;
			children = (
				EE7FB0C2285F398A00A22849 /* View */,
				EE7FB0C4285F399A00A22849 /* Model */,
				EE7FB0C3285F399100A22849 /* ViewModel */,
			);
			path = ListOfWeather;
			sourceTree = "<group>";
		};
		EE7FB0C2285F398A00A22849 /* View */ = {
			isa = PBXGroup;
			children = (
				EE587E3F2866F6BE0078A771 /* CellForWeatherList */,
				EE7FB0C5285F3B9700A22849 /* ListOfWeatherVC.swift */,
			);
			path = View;
			sourceTree = "<group>";
		};
		EE7FB0C3285F399100A22849 /* ViewModel */ = {
			isa = PBXGroup;
			children = (
				EE7FB0C9285F3D7D00A22849 /* WeatherListVM.swift */,
			);
			path = ViewModel;
			sourceTree = "<group>";
		};
		EE7FB0C4285F399A00A22849 /* Model */ = {
			isa = PBXGroup;
			children = (
				EE7FB0C7285F3BB500A22849 /* WeatherList.swift */,
			);
			path = Model;
			sourceTree = "<group>";
		};
/* End PBXGroup section */

/* Begin PBXNativeTarget section */
		EE7FB065285F0B7000A22849 /* WeatherApp */ = {
			isa = PBXNativeTarget;
			buildConfigurationList = EE7FB090285F0B7200A22849 /* Build configuration list for PBXNativeTarget "WeatherApp" */;
			buildPhases = (
				DF7AB59EF860C13EC1B37BD2 /* [CP] Check Pods Manifest.lock */,
				EE7FB062285F0B7000A22849 /* Sources */,
				EE7FB063285F0B7000A22849 /* Frameworks */,
				EE7FB064285F0B7000A22849 /* Resources */,
			);
			buildRules = (
			);
			dependencies = (
			);
			name = WeatherApp;
			productName = WeatherApp;
			productReference = EE7FB066285F0B7000A22849 /* WeatherApp.app */;
			productType = "com.apple.product-type.application";
		};
		EE7FB07B285F0B7200A22849 /* WeatherAppTests */ = {
			isa = PBXNativeTarget;
			buildConfigurationList = EE7FB093285F0B7200A22849 /* Build configuration list for PBXNativeTarget "WeatherAppTests" */;
			buildPhases = (
				988C8D9C9FCD7B76A32A9B5B /* [CP] Check Pods Manifest.lock */,
				EE7FB078285F0B7200A22849 /* Sources */,
				EE7FB079285F0B7200A22849 /* Frameworks */,
				EE7FB07A285F0B7200A22849 /* Resources */,
			);
			buildRules = (
			);
			dependencies = (
				EE7FB07E285F0B7200A22849 /* PBXTargetDependency */,
			);
			name = WeatherAppTests;
			productName = WeatherAppTests;
			productReference = EE7FB07C285F0B7200A22849 /* WeatherAppTests.xctest */;
			productType = "com.apple.product-type.bundle.unit-test";
		};
		EE7FB085285F0B7200A22849 /* WeatherAppUITests */ = {
			isa = PBXNativeTarget;
			buildConfigurationList = EE7FB096285F0B7200A22849 /* Build configuration list for PBXNativeTarget "WeatherAppUITests" */;
			buildPhases = (
				EE7FB082285F0B7200A22849 /* Sources */,
				EE7FB083285F0B7200A22849 /* Frameworks */,
				EE7FB084285F0B7200A22849 /* Resources */,
			);
			buildRules = (
			);
			dependencies = (
				EE7FB088285F0B7200A22849 /* PBXTargetDependency */,
			);
			name = WeatherAppUITests;
			productName = WeatherAppUITests;
			productReference = EE7FB086285F0B7200A22849 /* WeatherAppUITests.xctest */;
			productType = "com.apple.product-type.bundle.ui-testing";
		};
/* End PBXNativeTarget section */

/* Begin PBXProject section */
		EE7FB05E285F0B7000A22849 /* Project object */ = {
			isa = PBXProject;
			attributes = {
				BuildIndependentTargetsInParallel = 1;
				LastSwiftUpdateCheck = 1340;
				LastUpgradeCheck = 1340;
				TargetAttributes = {
					EE7FB065285F0B7000A22849 = {
						CreatedOnToolsVersion = 13.4.1;
					};
					EE7FB07B285F0B7200A22849 = {
						CreatedOnToolsVersion = 13.4.1;
						TestTargetID = EE7FB065285F0B7000A22849;
					};
					EE7FB085285F0B7200A22849 = {
						CreatedOnToolsVersion = 13.4.1;
						TestTargetID = EE7FB065285F0B7000A22849;
					};
				};
			};
			buildConfigurationList = EE7FB061285F0B7000A22849 /* Build configuration list for PBXProject "WeatherApp" */;
			compatibilityVersion = "Xcode 13.0";
			developmentRegion = en;
			hasScannedForEncodings = 0;
			knownRegions = (
				en,
				Base,
			);
			mainGroup = EE7FB05D285F0B7000A22849;
			productRefGroup = EE7FB067285F0B7000A22849 /* Products */;
			projectDirPath = "";
			projectRoot = "";
			targets = (
				EE7FB065285F0B7000A22849 /* WeatherApp */,
				EE7FB07B285F0B7200A22849 /* WeatherAppTests */,
				EE7FB085285F0B7200A22849 /* WeatherAppUITests */,
			);
		};
/* End PBXProject section */

/* Begin PBXResourcesBuildPhase section */
		EE7FB064285F0B7000A22849 /* Resources */ = {
			isa = PBXResourcesBuildPhase;
			buildActionMask = 2147483647;
			files = (
				EE7FB076285F0B7200A22849 /* LaunchScreen.storyboard in Resources */,
				EE7FB073285F0B7200A22849 /* Assets.xcassets in Resources */,
				EE7FB071285F0B7000A22849 /* Main.storyboard in Resources */,
			);
			runOnlyForDeploymentPostprocessing = 0;
		};
		EE7FB07A285F0B7200A22849 /* Resources */ = {
			isa = PBXResourcesBuildPhase;
			buildActionMask = 2147483647;
			files = (
			);
			runOnlyForDeploymentPostprocessing = 0;
		};
		EE7FB084285F0B7200A22849 /* Resources */ = {
			isa = PBXResourcesBuildPhase;
			buildActionMask = 2147483647;
			files = (
			);
			runOnlyForDeploymentPostprocessing = 0;
		};
/* End PBXResourcesBuildPhase section */

/* Begin PBXShellScriptBuildPhase section */
		988C8D9C9FCD7B76A32A9B5B /* [CP] Check Pods Manifest.lock */ = {
			isa = PBXShellScriptBuildPhase;
			buildActionMask = 2147483647;
			files = (
			);
			inputFileListPaths = (
			);
			inputPaths = (
				"${PODS_PODFILE_DIR_PATH}/Podfile.lock",
				"${PODS_ROOT}/Manifest.lock",
			);
			name = "[CP] Check Pods Manifest.lock";
			outputFileListPaths = (
			);
			outputPaths = (
				"$(DERIVED_FILE_DIR)/Pods-WeatherAppTests-checkManifestLockResult.txt",
			);
			runOnlyForDeploymentPostprocessing = 0;
			shellPath = /bin/sh;
			shellScript = "diff \"${PODS_PODFILE_DIR_PATH}/Podfile.lock\" \"${PODS_ROOT}/Manifest.lock\" > /dev/null\nif [ $? != 0 ] ; then\n    # print error to STDERR\n    echo \"error: The sandbox is not in sync with the Podfile.lock. Run 'pod install' or update your CocoaPods installation.\" >&2\n    exit 1\nfi\n# This output is used by Xcode 'outputs' to avoid re-running this script phase.\necho \"SUCCESS\" > \"${SCRIPT_OUTPUT_FILE_0}\"\n";
			showEnvVarsInLog = 0;
		};
		DF7AB59EF860C13EC1B37BD2 /* [CP] Check Pods Manifest.lock */ = {
			isa = PBXShellScriptBuildPhase;
			buildActionMask = 2147483647;
			files = (
			);
			inputFileListPaths = (
			);
			inputPaths = (
				"${PODS_PODFILE_DIR_PATH}/Podfile.lock",
				"${PODS_ROOT}/Manifest.lock",
			);
			name = "[CP] Check Pods Manifest.lock";
			outputFileListPaths = (
			);
			outputPaths = (
				"$(DERIVED_FILE_DIR)/Pods-WeatherApp-checkManifestLockResult.txt",
			);
			runOnlyForDeploymentPostprocessing = 0;
			shellPath = /bin/sh;
			shellScript = "diff \"${PODS_PODFILE_DIR_PATH}/Podfile.lock\" \"${PODS_ROOT}/Manifest.lock\" > /dev/null\nif [ $? != 0 ] ; then\n    # print error to STDERR\n    echo \"error: The sandbox is not in sync with the Podfile.lock. Run 'pod install' or update your CocoaPods installation.\" >&2\n    exit 1\nfi\n# This output is used by Xcode 'outputs' to avoid re-running this script phase.\necho \"SUCCESS\" > \"${SCRIPT_OUTPUT_FILE_0}\"\n";
			showEnvVarsInLog = 0;
		};
/* End PBXShellScriptBuildPhase section */

/* Begin PBXSourcesBuildPhase section */
		EE7FB062285F0B7000A22849 /* Sources */ = {
			isa = PBXSourcesBuildPhase;
			buildActionMask = 2147483647;
			files = (
				EE7FB0C6285F3B9700A22849 /* ListOfWeatherVC.swift in Sources */,
				EE7FB0BC285F30D300A22849 /* ExtensionViews.swift in Sources */,
				EE587E472867F64B0078A771 /* DetailOfWeatherVC.swift in Sources */,
				EE7FB0BD285F30D300A22849 /* APIManager.swift in Sources */,
				EE7FB06A285F0B7000A22849 /* AppDelegate.swift in Sources */,
				EE7FB0CA285F3D7D00A22849 /* WeatherListVM.swift in Sources */,
				EE7FB06C285F0B7000A22849 /* SceneDelegate.swift in Sources */,
				EE587E492867F66D0078A771 /* DetailOfWeatherVM.swift in Sources */,
				EE7FB0CF285F3F0900A22849 /* CellForWeatherList.swift in Sources */,
				EE7FB0C8285F3BB500A22849 /* WeatherList.swift in Sources */,
			);
			runOnlyForDeploymentPostprocessing = 0;
		};
		EE7FB078285F0B7200A22849 /* Sources */ = {
			isa = PBXSourcesBuildPhase;
			buildActionMask = 2147483647;
			files = (
				EE7FB081285F0B7200A22849 /* WeatherAppTests.swift in Sources */,
			);
			runOnlyForDeploymentPostprocessing = 0;
		};
		EE7FB082285F0B7200A22849 /* Sources */ = {
			isa = PBXSourcesBuildPhase;
			buildActionMask = 2147483647;
			files = (
				EE7FB08B285F0B7200A22849 /* WeatherAppUITests.swift in Sources */,
				EE7FB08D285F0B7200A22849 /* WeatherAppUITestsLaunchTests.swift in Sources */,
			);
			runOnlyForDeploymentPostprocessing = 0;
		};
/* End PBXSourcesBuildPhase section */

/* Begin PBXTargetDependency section */
		EE7FB07E285F0B7200A22849 /* PBXTargetDependency */ = {
			isa = PBXTargetDependency;
			target = EE7FB065285F0B7000A22849 /* WeatherApp */;
			targetProxy = EE7FB07D285F0B7200A22849 /* PBXContainerItemProxy */;
		};
		EE7FB088285F0B7200A22849 /* PBXTargetDependency */ = {
			isa = PBXTargetDependency;
			target = EE7FB065285F0B7000A22849 /* WeatherApp */;
			targetProxy = EE7FB087285F0B7200A22849 /* PBXContainerItemProxy */;
		};
/* End PBXTargetDependency section */

/* Begin PBXVariantGroup section */
		EE7FB06F285F0B7000A22849 /* Main.storyboard */ = {
			isa = PBXVariantGroup;
			children = (
				EE7FB070285F0B7000A22849 /* Base */,
			);
			name = Main.storyboard;
			sourceTree = "<group>";
		};
		EE7FB074285F0B7200A22849 /* LaunchScreen.storyboard */ = {
			isa = PBXVariantGroup;
			children = (
				EE7FB075285F0B7200A22849 /* Base */,
			);
			name = LaunchScreen.storyboard;
			sourceTree = "<group>";
		};
/* End PBXVariantGroup section */

/* Begin XCBuildConfiguration section */
		EE7FB08E285F0B7200A22849 /* Debug */ = {
			isa = XCBuildConfiguration;
			buildSettings = {
				ALWAYS_SEARCH_USER_PATHS = NO;
				CLANG_ANALYZER_NONNULL = YES;
				CLANG_ANALYZER_NUMBER_OBJECT_CONVERSION = YES_AGGRESSIVE;
				CLANG_CXX_LANGUAGE_STANDARD = "gnu++17";
				CLANG_ENABLE_MODULES = YES;
				CLANG_ENABLE_OBJC_ARC = YES;
				CLANG_ENABLE_OBJC_WEAK = YES;
				CLANG_WARN_BLOCK_CAPTURE_AUTORELEASING = YES;
				CLANG_WARN_BOOL_CONVERSION = YES;
				CLANG_WARN_COMMA = YES;
				CLANG_WARN_CONSTANT_CONVERSION = YES;
				CLANG_WARN_DEPRECATED_OBJC_IMPLEMENTATIONS = YES;
				CLANG_WARN_DIRECT_OBJC_ISA_USAGE = YES_ERROR;
				CLANG_WARN_DOCUMENTATION_COMMENTS = YES;
				CLANG_WARN_EMPTY_BODY = YES;
				CLANG_WARN_ENUM_CONVERSION = YES;
				CLANG_WARN_INFINITE_RECURSION = YES;
				CLANG_WARN_INT_CONVERSION = YES;
				CLANG_WARN_NON_LITERAL_NULL_CONVERSION = YES;
				CLANG_WARN_OBJC_IMPLICIT_RETAIN_SELF = YES;
				CLANG_WARN_OBJC_LITERAL_CONVERSION = YES;
				CLANG_WARN_OBJC_ROOT_CLASS = YES_ERROR;
				CLANG_WARN_QUOTED_INCLUDE_IN_FRAMEWORK_HEADER = YES;
				CLANG_WARN_RANGE_LOOP_ANALYSIS = YES;
				CLANG_WARN_STRICT_PROTOTYPES = YES;
				CLANG_WARN_SUSPICIOUS_MOVE = YES;
				CLANG_WARN_UNGUARDED_AVAILABILITY = YES_AGGRESSIVE;
				CLANG_WARN_UNREACHABLE_CODE = YES;
				CLANG_WARN__DUPLICATE_METHOD_MATCH = YES;
				COPY_PHASE_STRIP = NO;
				DEBUG_INFORMATION_FORMAT = dwarf;
				ENABLE_STRICT_OBJC_MSGSEND = YES;
				ENABLE_TESTABILITY = YES;
				GCC_C_LANGUAGE_STANDARD = gnu11;
				GCC_DYNAMIC_NO_PIC = NO;
				GCC_NO_COMMON_BLOCKS = YES;
				GCC_OPTIMIZATION_LEVEL = 0;
				GCC_PREPROCESSOR_DEFINITIONS = (
					"DEBUG=1",
					"$(inherited)",
				);
				GCC_WARN_64_TO_32_BIT_CONVERSION = YES;
				GCC_WARN_ABOUT_RETURN_TYPE = YES_ERROR;
				GCC_WARN_UNDECLARED_SELECTOR = YES;
				GCC_WARN_UNINITIALIZED_AUTOS = YES_AGGRESSIVE;
				GCC_WARN_UNUSED_FUNCTION = YES;
				GCC_WARN_UNUSED_VARIABLE = YES;
				IPHONEOS_DEPLOYMENT_TARGET = 15.5;
				MTL_ENABLE_DEBUG_INFO = INCLUDE_SOURCE;
				MTL_FAST_MATH = YES;
				ONLY_ACTIVE_ARCH = YES;
				SDKROOT = iphoneos;
				SWIFT_ACTIVE_COMPILATION_CONDITIONS = DEBUG;
				SWIFT_OPTIMIZATION_LEVEL = "-Onone";
			};
			name = Debug;
		};
		EE7FB08F285F0B7200A22849 /* Release */ = {
			isa = XCBuildConfiguration;
			buildSettings = {
				ALWAYS_SEARCH_USER_PATHS = NO;
				CLANG_ANALYZER_NONNULL = YES;
				CLANG_ANALYZER_NUMBER_OBJECT_CONVERSION = YES_AGGRESSIVE;
				CLANG_CXX_LANGUAGE_STANDARD = "gnu++17";
				CLANG_ENABLE_MODULES = YES;
				CLANG_ENABLE_OBJC_ARC = YES;
				CLANG_ENABLE_OBJC_WEAK = YES;
				CLANG_WARN_BLOCK_CAPTURE_AUTORELEASING = YES;
				CLANG_WARN_BOOL_CONVERSION = YES;
				CLANG_WARN_COMMA = YES;
				CLANG_WARN_CONSTANT_CONVERSION = YES;
				CLANG_WARN_DEPRECATED_OBJC_IMPLEMENTATIONS = YES;
				CLANG_WARN_DIRECT_OBJC_ISA_USAGE = YES_ERROR;
				CLANG_WARN_DOCUMENTATION_COMMENTS = YES;
				CLANG_WARN_EMPTY_BODY = YES;
				CLANG_WARN_ENUM_CONVERSION = YES;
				CLANG_WARN_INFINITE_RECURSION = YES;
				CLANG_WARN_INT_CONVERSION = YES;
				CLANG_WARN_NON_LITERAL_NULL_CONVERSION = YES;
				CLANG_WARN_OBJC_IMPLICIT_RETAIN_SELF = YES;
				CLANG_WARN_OBJC_LITERAL_CONVERSION = YES;
				CLANG_WARN_OBJC_ROOT_CLASS = YES_ERROR;
				CLANG_WARN_QUOTED_INCLUDE_IN_FRAMEWORK_HEADER = YES;
				CLANG_WARN_RANGE_LOOP_ANALYSIS = YES;
				CLANG_WARN_STRICT_PROTOTYPES = YES;
				CLANG_WARN_SUSPICIOUS_MOVE = YES;
				CLANG_WARN_UNGUARDED_AVAILABILITY = YES_AGGRESSIVE;
				CLANG_WARN_UNREACHABLE_CODE = YES;
				CLANG_WARN__DUPLICATE_METHOD_MATCH = YES;
				COPY_PHASE_STRIP = NO;
				DEBUG_INFORMATION_FORMAT = "dwarf-with-dsym";
				ENABLE_NS_ASSERTIONS = NO;
				ENABLE_STRICT_OBJC_MSGSEND = YES;
				GCC_C_LANGUAGE_STANDARD = gnu11;
				GCC_NO_COMMON_BLOCKS = YES;
				GCC_WARN_64_TO_32_BIT_CONVERSION = YES;
				GCC_WARN_ABOUT_RETURN_TYPE = YES_ERROR;
				GCC_WARN_UNDECLARED_SELECTOR = YES;
				GCC_WARN_UNINITIALIZED_AUTOS = YES_AGGRESSIVE;
				GCC_WARN_UNUSED_FUNCTION = YES;
				GCC_WARN_UNUSED_VARIABLE = YES;
				IPHONEOS_DEPLOYMENT_TARGET = 15.5;
				MTL_ENABLE_DEBUG_INFO = NO;
				MTL_FAST_MATH = YES;
				SDKROOT = iphoneos;
				SWIFT_COMPILATION_MODE = wholemodule;
				SWIFT_OPTIMIZATION_LEVEL = "-O";
				VALIDATE_PRODUCT = YES;
			};
			name = Release;
		};
		EE7FB091285F0B7200A22849 /* Debug */ = {
			isa = XCBuildConfiguration;
			baseConfigurationReference = 7491FD09410C4A215365347F /* Pods-WeatherApp.debug.xcconfig */;
			buildSettings = {
				ASSETCATALOG_COMPILER_APPICON_NAME = AppIcon;
				ASSETCATALOG_COMPILER_GLOBAL_ACCENT_COLOR_NAME = AccentColor;
				CODE_SIGN_STYLE = Automatic;
				CURRENT_PROJECT_VERSION = 1;
				GENERATE_INFOPLIST_FILE = YES;
				INFOPLIST_FILE = WeatherApp/Info.plist;
				INFOPLIST_KEY_UIApplicationSupportsIndirectInputEvents = YES;
				INFOPLIST_KEY_UILaunchStoryboardName = LaunchScreen;
				INFOPLIST_KEY_UIMainStoryboardFile = Main;
				INFOPLIST_KEY_UISupportedInterfaceOrientations = UIInterfaceOrientationPortrait;
				INFOPLIST_KEY_UISupportedInterfaceOrientations_iPad = "UIInterfaceOrientationPortrait UIInterfaceOrientationPortraitUpsideDown UIInterfaceOrientationLandscapeLeft UIInterfaceOrientationLandscapeRight";
				INFOPLIST_KEY_UISupportedInterfaceOrientations_iPhone = "UIInterfaceOrientationPortrait UIInterfaceOrientationLandscapeLeft UIInterfaceOrientationLandscapeRight";
				LD_RUNPATH_SEARCH_PATHS = (
					"$(inherited)",
					"@executable_path/Frameworks",
				);
				MARKETING_VERSION = 1.0;
				PRODUCT_BUNDLE_IDENTIFIER = com.demo.WeatherApp;
				PRODUCT_NAME = "$(TARGET_NAME)";
				SWIFT_EMIT_LOC_STRINGS = YES;
				SWIFT_VERSION = 5.0;
				TARGETED_DEVICE_FAMILY = "1,2";
			};
			name = Debug;
		};
		EE7FB092285F0B7200A22849 /* Release */ = {
			isa = XCBuildConfiguration;
			baseConfigurationReference = DF342D123A1FD6817DA03C88 /* Pods-WeatherApp.release.xcconfig */;
			buildSettings = {
				ASSETCATALOG_COMPILER_APPICON_NAME = AppIcon;
				ASSETCATALOG_COMPILER_GLOBAL_ACCENT_COLOR_NAME = AccentColor;
				CODE_SIGN_STYLE = Automatic;
				CURRENT_PROJECT_VERSION = 1;
				GENERATE_INFOPLIST_FILE = YES;
				INFOPLIST_FILE = WeatherApp/Info.plist;
				INFOPLIST_KEY_UIApplicationSupportsIndirectInputEvents = YES;
				INFOPLIST_KEY_UILaunchStoryboardName = LaunchScreen;
				INFOPLIST_KEY_UIMainStoryboardFile = Main;
				INFOPLIST_KEY_UISupportedInterfaceOrientations = UIInterfaceOrientationPortrait;
				INFOPLIST_KEY_UISupportedInterfaceOrientations_iPad = "UIInterfaceOrientationPortrait UIInterfaceOrientationPortraitUpsideDown UIInterfaceOrientationLandscapeLeft UIInterfaceOrientationLandscapeRight";
				INFOPLIST_KEY_UISupportedInterfaceOrientations_iPhone = "UIInterfaceOrientationPortrait UIInterfaceOrientationLandscapeLeft UIInterfaceOrientationLandscapeRight";
				LD_RUNPATH_SEARCH_PATHS = (
					"$(inherited)",
					"@executable_path/Frameworks",
				);
				MARKETING_VERSION = 1.0;
				PRODUCT_BUNDLE_IDENTIFIER = com.demo.WeatherApp;
				PRODUCT_NAME = "$(TARGET_NAME)";
				SWIFT_EMIT_LOC_STRINGS = YES;
				SWIFT_VERSION = 5.0;
				TARGETED_DEVICE_FAMILY = "1,2";
			};
			name = Release;
		};
		EE7FB094285F0B7200A22849 /* Debug */ = {
			isa = XCBuildConfiguration;
			baseConfigurationReference = 3814E7573381BD3BED920AC6 /* Pods-WeatherAppTests.debug.xcconfig */;
			buildSettings = {
				ALWAYS_EMBED_SWIFT_STANDARD_LIBRARIES = YES;
				BUNDLE_LOADER = "$(TEST_HOST)";
				CODE_SIGN_STYLE = Automatic;
				CURRENT_PROJECT_VERSION = 1;
				GENERATE_INFOPLIST_FILE = YES;
				IPHONEOS_DEPLOYMENT_TARGET = 15.5;
				MARKETING_VERSION = 1.0;
				PRODUCT_BUNDLE_IDENTIFIER = com.demo.WeatherAppTests;
				PRODUCT_NAME = "$(TARGET_NAME)";
				SWIFT_EMIT_LOC_STRINGS = NO;
				SWIFT_VERSION = 5.0;
				TARGETED_DEVICE_FAMILY = "1,2";
				TEST_HOST = "$(BUILT_PRODUCTS_DIR)/WeatherApp.app/WeatherApp";
			};
			name = Debug;
		};
		EE7FB095285F0B7200A22849 /* Release */ = {
			isa = XCBuildConfiguration;
			baseConfigurationReference = 88D349AF6BC7F86B8E4384CC /* Pods-WeatherAppTests.release.xcconfig */;
			buildSettings = {
				ALWAYS_EMBED_SWIFT_STANDARD_LIBRARIES = YES;
				BUNDLE_LOADER = "$(TEST_HOST)";
				CODE_SIGN_STYLE = Automatic;
				CURRENT_PROJECT_VERSION = 1;
				GENERATE_INFOPLIST_FILE = YES;
				IPHONEOS_DEPLOYMENT_TARGET = 15.5;
				MARKETING_VERSION = 1.0;
				PRODUCT_BUNDLE_IDENTIFIER = com.demo.WeatherAppTests;
				PRODUCT_NAME = "$(TARGET_NAME)";
				SWIFT_EMIT_LOC_STRINGS = NO;
				SWIFT_VERSION = 5.0;
				TARGETED_DEVICE_FAMILY = "1,2";
				TEST_HOST = "$(BUILT_PRODUCTS_DIR)/WeatherApp.app/WeatherApp";
			};
			name = Release;
		};
		EE7FB097285F0B7200A22849 /* Debug */ = {
			isa = XCBuildConfiguration;
			buildSettings = {
				ALWAYS_EMBED_SWIFT_STANDARD_LIBRARIES = YES;
				CODE_SIGN_STYLE = Automatic;
				CURRENT_PROJECT_VERSION = 1;
				GENERATE_INFOPLIST_FILE = YES;
				MARKETING_VERSION = 1.0;
				PRODUCT_BUNDLE_IDENTIFIER = com.demo.WeatherAppUITests;
				PRODUCT_NAME = "$(TARGET_NAME)";
				SWIFT_EMIT_LOC_STRINGS = NO;
				SWIFT_VERSION = 5.0;
				TARGETED_DEVICE_FAMILY = "1,2";
				TEST_TARGET_NAME = WeatherApp;
			};
			name = Debug;
		};
		EE7FB098285F0B7200A22849 /* Release */ = {
			isa = XCBuildConfiguration;
			buildSettings = {
				ALWAYS_EMBED_SWIFT_STANDARD_LIBRARIES = YES;
				CODE_SIGN_STYLE = Automatic;
				CURRENT_PROJECT_VERSION = 1;
				GENERATE_INFOPLIST_FILE = YES;
				MARKETING_VERSION = 1.0;
				PRODUCT_BUNDLE_IDENTIFIER = com.demo.WeatherAppUITests;
				PRODUCT_NAME = "$(TARGET_NAME)";
				SWIFT_EMIT_LOC_STRINGS = NO;
				SWIFT_VERSION = 5.0;
				TARGETED_DEVICE_FAMILY = "1,2";
				TEST_TARGET_NAME = WeatherApp;
			};
			name = Release;
		};
/* End XCBuildConfiguration section */

/* Begin XCConfigurationList section */
		EE7FB061285F0B7000A22849 /* Build configuration list for PBXProject "WeatherApp" */ = {
			isa = XCConfigurationList;
			buildConfigurations = (
				EE7FB08E285F0B7200A22849 /* Debug */,
				EE7FB08F285F0B7200A22849 /* Release */,
			);
			defaultConfigurationIsVisible = 0;
			defaultConfigurationName = Release;
		};
		EE7FB090285F0B7200A22849 /* Build configuration list for PBXNativeTarget "WeatherApp" */ = {
			isa = XCConfigurationList;
			buildConfigurations = (
				EE7FB091285F0B7200A22849 /* Debug */,
				EE7FB092285F0B7200A22849 /* Release */,
			);
			defaultConfigurationIsVisible = 0;
			defaultConfigurationName = Release;
		};
		EE7FB093285F0B7200A22849 /* Build configuration list for PBXNativeTarget "WeatherAppTests" */ = {
			isa = XCConfigurationList;
			buildConfigurations = (
				EE7FB094285F0B7200A22849 /* Debug */,
				EE7FB095285F0B7200A22849 /* Release */,
			);
			defaultConfigurationIsVisible = 0;
			defaultConfigurationName = Release;
		};
		EE7FB096285F0B7200A22849 /* Build configuration list for PBXNativeTarget "WeatherAppUITests" */ = {
			isa = XCConfigurationList;
			buildConfigurations = (
				EE7FB097285F0B7200A22849 /* Debug */,
				EE7FB098285F0B7200A22849 /* Release */,
			);
			defaultConfigurationIsVisible = 0;
			defaultConfigurationName = Release;
		};
/* End XCConfigurationList section */
	};
	rootObject = EE7FB05E285F0B7000A22849 /* Project object */;
}
